
Microsoft Visual Studio Solution File, Format Version 12.00
# Visual Studio Version 17
VisualStudioVersion = 17.8.34525.116
MinimumVisualStudioVersion = 10.0.40219.1
Project("{8BC9CEB8-8B4A-11D0-8D11-00A0C91BC942}") = "Project5", "Project5\Project5.vcxproj", "{2C196D0C-F3DA-40D1-88E9-A1AA3DC513A4}"
EndProject
Global
	GlobalSection(SolutionConfigurationPlatforms) = preSolution
		Debug|x64 = Debug|x64
		Debug|x86 = Debug|x86
		Release|x64 = Release|x64
		Release|x86 = Release|x86
	EndGlobalSection
	GlobalSection(ProjectConfigurationPlatforms) = postSolution
		{2C196D0C-F3DA-40D1-88E9-A1AA3DC513A4}.Debug|x64.ActiveCfg = Debug|x64
		{2C196D0C-F3DA-40D1-88E9-A1AA3DC513A4}.Debug|x64.Build.0 = Debug|x64
		{2C196D0C-F3DA-40D1-88E9-A1AA3DC513A4}.Debug|x86.ActiveCfg = Debug|Win32
		{2C196D0C-F3DA-40D1-88E9-A1AA3DC513A4}.Debug|x86.Build.0 = Debug|Win32
		{2C196D0C-F3DA-40D1-88E9-A1AA3DC513A4}.Release|x64.ActiveCfg = Release|x64
		{2C196D0C-F3DA-40D1-88E9-A1AA3DC513A4}.Release|x64.Build.0 = Release|x64
		{2C196D0C-F3DA-40D1-88E9-A1AA3DC513A4}.Release|x86.ActiveCfg = Release|Win32
		{2C196D0C-F3DA-40D1-88E9-A1AA3DC513A4}.Release|x86.Build.0 = Release|Win32
	EndGlobalSection
	GlobalSection(SolutionProperties) = preSolution
		HideSolutionNode = FALSE
	EndGlobalSection
	GlobalSection(ExtensibilityGlobals) = postSolution
		SolutionGuid = {90EC4F79-3F93-44C4-90C7-139DCFB9296E}
	EndGlobalSection
EndGlobal
